{
  "version": 4,
  "terraform_version": "1.3.8",
  "serial": 4,
  "lineage": "d63f2bf2-d1f3-d2ab-20ef-1fe5af825fc5",
  "outputs": {},
  "resources": [
    {
      "mode": "managed",
      "type": "google_pubsub_schema",
      "name": "schema_def",
      "provider": "provider[\"registry.terraform.io/hashicorp/google\"]",
      "instances": [
        {
          "schema_version": 0,
          "attributes": {
            "definition": "{\n  \"type\" : \"record\",\n  \"name\" : \"Avro\",\n  \"fields\" : [\n    {\n      \"name\" : \"StringField\",\n      \"type\" : \"string\"\n    },\n    {\n      \"name\" : \"IntField\",\n      \"type\" : \"int\"\n    }\n  ]\n}\n",
            "id": "projects/terraform-gcp-377717/schemas/schema_def",
            "name": "schema_def",
            "project": "terraform-gcp-377717",
            "timeouts": null,
            "type": "AVRO"
          },
          "sensitive_attributes": [],
          "private": "eyJlMmJmYjczMC1lY2FhLTExZTYtOGY4OC0zNDM2M2JjN2M0YzAiOnsiY3JlYXRlIjoxMjAwMDAwMDAwMDAwLCJkZWxldGUiOjEyMDAwMDAwMDAwMDB9fQ=="
        }
      ]
    },
    {
      "mode": "managed",
      "type": "google_pubsub_subscription",
      "name": "sub_tf",
      "provider": "provider[\"registry.terraform.io/hashicorp/google\"]",
      "instances": [
        {
          "schema_version": 0,
          "attributes": {
            "ack_deadline_seconds": 10,
            "bigquery_config": [],
            "dead_letter_policy": [],
            "enable_exactly_once_delivery": false,
            "enable_message_ordering": false,
            "expiration_policy": [
              {
                "ttl": "2678400s"
              }
            ],
            "filter": "",
            "id": "projects/terraform-gcp-377717/subscriptions/sub_tf",
            "labels": null,
            "message_retention_duration": "604800s",
            "name": "sub_tf",
            "project": "terraform-gcp-377717",
            "push_config": [],
            "retain_acked_messages": false,
            "retry_policy": [],
            "timeouts": null,
            "topic": "projects/terraform-gcp-377717/topics/topic-tf"
          },
          "sensitive_attributes": [],
          "private": "eyJlMmJmYjczMC1lY2FhLTExZTYtOGY4OC0zNDM2M2JjN2M0YzAiOnsiY3JlYXRlIjoxMjAwMDAwMDAwMDAwLCJkZWxldGUiOjEyMDAwMDAwMDAwMDAsInVwZGF0ZSI6MTIwMDAwMDAwMDAwMH19",
          "dependencies": [
            "google_pubsub_topic.topic_tf"
          ]
        }
      ]
    },
    {
      "mode": "managed",
      "type": "google_pubsub_topic",
      "name": "topic_tf",
      "provider": "provider[\"registry.terraform.io/hashicorp/google\"]",
      "instances": [
        {
          "schema_version": 0,
          "attributes": {
            "id": "projects/terraform-gcp-377717/topics/topic-tf",
            "kms_key_name": "",
            "labels": {
              "foo": "bar"
            },
            "message_retention_duration": "86600s",
            "message_storage_policy": [],
            "name": "topic-tf",
            "project": "terraform-gcp-377717",
            "schema_settings": [],
            "timeouts": null
          },
          "sensitive_attributes": [],
          "private": "eyJlMmJmYjczMC1lY2FhLTExZTYtOGY4OC0zNDM2M2JjN2M0YzAiOnsiY3JlYXRlIjoxMjAwMDAwMDAwMDAwLCJkZWxldGUiOjEyMDAwMDAwMDAwMDAsInVwZGF0ZSI6MTIwMDAwMDAwMDAwMH19"
        }
      ]
    }
  ],
  "check_results": null
}
