{
  "version": 4,
  "terraform_version": "1.3.8",
  "serial": 3,
  "lineage": "2232b962-a6c0-2fe4-50ce-2c9c6b9be81c",
  "outputs": {},
  "resources": [
    {
      "mode": "managed",
      "type": "google_spanner_database",
      "name": "database",
      "provider": "provider[\"registry.terraform.io/hashicorp/google\"]",
      "instances": [
        {
          "schema_version": 0,
          "attributes": {
            "database_dialect": "GOOGLE_STANDARD_SQL",
            "ddl": [
              "CREATE TABLE t1 (t1 INT64 NOT NULL,) PRIMARY KEY(t1)",
              "CREATE TABLE t2 (t2 INT64 NOT NULL,) PRIMARY KEY(t2)"
            ],
            "deletion_protection": false,
            "encryption_config": [],
            "id": "spannertf/db_spanner",
            "instance": "spannertf",
            "name": "db_spanner",
            "project": "terraform-gcp-377717",
            "state": "READY",
            "timeouts": null,
            "version_retention_period": "1h"
          },
          "sensitive_attributes": [],
          "private": "eyJlMmJmYjczMC1lY2FhLTExZTYtOGY4OC0zNDM2M2JjN2M0YzAiOnsiY3JlYXRlIjoxMjAwMDAwMDAwMDAwLCJkZWxldGUiOjEyMDAwMDAwMDAwMDAsInVwZGF0ZSI6MTIwMDAwMDAwMDAwMH19",
          "dependencies": [
            "google_spanner_instance.spanner_tf"
          ]
        }
      ]
    },
    {
      "mode": "managed",
      "type": "google_spanner_instance",
      "name": "spanner_tf",
      "provider": "provider[\"registry.terraform.io/hashicorp/google\"]",
      "instances": [
        {
          "schema_version": 0,
          "attributes": {
            "config": "projects/terraform-gcp-377717/instanceConfigs/regional-us-east1",
            "display_name": "Spanner from TF",
            "force_destroy": false,
            "id": "terraform-gcp-377717/spannertf",
            "labels": {
              "env": "instance_through_tf"
            },
            "name": "spannertf",
            "num_nodes": 1,
            "processing_units": 1000,
            "project": "terraform-gcp-377717",
            "state": "READY",
            "timeouts": null
          },
          "sensitive_attributes": [],
          "private": "eyJlMmJmYjczMC1lY2FhLTExZTYtOGY4OC0zNDM2M2JjN2M0YzAiOnsiY3JlYXRlIjoxMjAwMDAwMDAwMDAwLCJkZWxldGUiOjEyMDAwMDAwMDAwMDAsInVwZGF0ZSI6MTIwMDAwMDAwMDAwMH19"
        }
      ]
    }
  ],
  "check_results": null
}
