{
  "version": 4,
  "terraform_version": "1.3.8",
  "serial": 46,
  "lineage": "ab5d2d07-2693-a6d0-a61b-be771ffee3f4",
  "outputs": {},
  "resources": [
    {
      "mode": "managed",
      "type": "google_bigquery_dataset",
      "name": "dwh-bq-finance",
      "provider": "provider[\"registry.terraform.io/hashicorp/google\"]",
      "instances": [
        {
          "schema_version": 0,
          "attributes": {
            "access": [
              {
                "dataset": [],
                "domain": "",
                "group_by_email": "",
                "role": "OWNER",
                "routine": [],
                "special_group": "",
                "user_by_email": "jpalvimdataeng@gmail.com",
                "view": []
              },
              {
                "dataset": [],
                "domain": "",
                "group_by_email": "",
                "role": "OWNER",
                "routine": [],
                "special_group": "projectOwners",
                "user_by_email": "",
                "view": []
              },
              {
                "dataset": [],
                "domain": "",
                "group_by_email": "",
                "role": "READER",
                "routine": [],
                "special_group": "projectReaders",
                "user_by_email": "",
                "view": []
              },
              {
                "dataset": [],
                "domain": "",
                "group_by_email": "",
                "role": "WRITER",
                "routine": [],
                "special_group": "projectWriters",
                "user_by_email": "",
                "view": []
              }
            ],
            "creation_time": 1676656840021,
            "dataset_id": "FINANCE",
            "default_encryption_configuration": [],
            "default_partition_expiration_ms": 0,
            "default_table_expiration_ms": 0,
            "delete_contents_on_destroy": false,
            "description": "",
            "etag": "Mri3BY3lCchf6gQGU/1EIQ==",
            "friendly_name": "",
            "id": "projects/xxxjpprojectxxx-data-marts/datasets/FINANCE",
            "labels": {},
            "last_modified_time": 1676656840021,
            "location": "us-east1",
            "max_time_travel_hours": "",
            "project": "xxxjpprojectxxx-data-marts",
            "self_link": "https://bigquery.googleapis.com/bigquery/v2/projects/xxxjpprojectxxx-data-marts/datasets/FINANCE",
            "timeouts": null
          },
          "sensitive_attributes": [],
          "private": "eyJlMmJmYjczMC1lY2FhLTExZTYtOGY4OC0zNDM2M2JjN2M0YzAiOnsiY3JlYXRlIjoxMjAwMDAwMDAwMDAwLCJkZWxldGUiOjEyMDAwMDAwMDAwMDAsInVwZGF0ZSI6MTIwMDAwMDAwMDAwMH19",
          "dependencies": [
            "google_project.data-marts",
            "google_project_service.data-marts-service"
          ]
        }
      ]
    },
    {
      "mode": "managed",
      "type": "google_bigquery_dataset",
      "name": "dwh-bq-marketing",
      "provider": "provider[\"registry.terraform.io/hashicorp/google\"]",
      "instances": [
        {
          "schema_version": 0,
          "attributes": {
            "access": [
              {
                "dataset": [],
                "domain": "",
                "group_by_email": "",
                "role": "OWNER",
                "routine": [],
                "special_group": "",
                "user_by_email": "jpalvimdataeng@gmail.com",
                "view": []
              },
              {
                "dataset": [],
                "domain": "",
                "group_by_email": "",
                "role": "OWNER",
                "routine": [],
                "special_group": "projectOwners",
                "user_by_email": "",
                "view": []
              },
              {
                "dataset": [],
                "domain": "",
                "group_by_email": "",
                "role": "READER",
                "routine": [],
                "special_group": "projectReaders",
                "user_by_email": "",
                "view": []
              },
              {
                "dataset": [],
                "domain": "",
                "group_by_email": "",
                "role": "WRITER",
                "routine": [],
                "special_group": "projectWriters",
                "user_by_email": "",
                "view": []
              }
            ],
            "creation_time": 1676656840020,
            "dataset_id": "MARKETING",
            "default_encryption_configuration": [],
            "default_partition_expiration_ms": 0,
            "default_table_expiration_ms": 0,
            "delete_contents_on_destroy": false,
            "description": "",
            "etag": "w6YLMlwUc+ck11fzLhixlw==",
            "friendly_name": "",
            "id": "projects/xxxjpprojectxxx-data-marts/datasets/MARKETING",
            "labels": {},
            "last_modified_time": 1676656840020,
            "location": "us-east1",
            "max_time_travel_hours": "",
            "project": "xxxjpprojectxxx-data-marts",
            "self_link": "https://bigquery.googleapis.com/bigquery/v2/projects/xxxjpprojectxxx-data-marts/datasets/MARKETING",
            "timeouts": null
          },
          "sensitive_attributes": [],
          "private": "eyJlMmJmYjczMC1lY2FhLTExZTYtOGY4OC0zNDM2M2JjN2M0YzAiOnsiY3JlYXRlIjoxMjAwMDAwMDAwMDAwLCJkZWxldGUiOjEyMDAwMDAwMDAwMDAsInVwZGF0ZSI6MTIwMDAwMDAwMDAwMH19",
          "dependencies": [
            "google_project.data-marts",
            "google_project_service.data-marts-service"
          ]
        }
      ]
    },
    {
      "mode": "managed",
      "type": "google_bigquery_dataset",
      "name": "dwh-bq-sales",
      "provider": "provider[\"registry.terraform.io/hashicorp/google\"]",
      "instances": [
        {
          "schema_version": 0,
          "attributes": {
            "access": [
              {
                "dataset": [],
                "domain": "",
                "group_by_email": "",
                "role": "OWNER",
                "routine": [],
                "special_group": "",
                "user_by_email": "jpalvimdataeng@gmail.com",
                "view": []
              },
              {
                "dataset": [],
                "domain": "",
                "group_by_email": "",
                "role": "OWNER",
                "routine": [],
                "special_group": "projectOwners",
                "user_by_email": "",
                "view": []
              },
              {
                "dataset": [],
                "domain": "",
                "group_by_email": "",
                "role": "READER",
                "routine": [],
                "special_group": "projectReaders",
                "user_by_email": "",
                "view": []
              },
              {
                "dataset": [],
                "domain": "",
                "group_by_email": "",
                "role": "WRITER",
                "routine": [],
                "special_group": "projectWriters",
                "user_by_email": "",
                "view": []
              }
            ],
            "creation_time": 1676656840020,
            "dataset_id": "SALES",
            "default_encryption_configuration": [],
            "default_partition_expiration_ms": 0,
            "default_table_expiration_ms": 0,
            "delete_contents_on_destroy": false,
            "description": "",
            "etag": "RatlH/YvTA/+oiO4Mwp3Kw==",
            "friendly_name": "",
            "id": "projects/xxxjpprojectxxx-data-marts/datasets/SALES",
            "labels": {},
            "last_modified_time": 1676656840020,
            "location": "us-east1",
            "max_time_travel_hours": "",
            "project": "xxxjpprojectxxx-data-marts",
            "self_link": "https://bigquery.googleapis.com/bigquery/v2/projects/xxxjpprojectxxx-data-marts/datasets/SALES",
            "timeouts": null
          },
          "sensitive_attributes": [],
          "private": "eyJlMmJmYjczMC1lY2FhLTExZTYtOGY4OC0zNDM2M2JjN2M0YzAiOnsiY3JlYXRlIjoxMjAwMDAwMDAwMDAwLCJkZWxldGUiOjEyMDAwMDAwMDAwMDAsInVwZGF0ZSI6MTIwMDAwMDAwMDAwMH19",
          "dependencies": [
            "google_project.data-marts",
            "google_project_service.data-marts-service"
          ]
        }
      ]
    },
    {
      "mode": "managed",
      "type": "google_bigquery_dataset",
      "name": "dwh-bq-system1",
      "provider": "provider[\"registry.terraform.io/hashicorp/google\"]",
      "instances": [
        {
          "schema_version": 0,
          "attributes": {
            "access": [
              {
                "dataset": [],
                "domain": "",
                "group_by_email": "",
                "role": "OWNER",
                "routine": [],
                "special_group": "",
                "user_by_email": "jpalvimdataeng@gmail.com",
                "view": []
              },
              {
                "dataset": [],
                "domain": "",
                "group_by_email": "",
                "role": "OWNER",
                "routine": [],
                "special_group": "projectOwners",
                "user_by_email": "",
                "view": []
              },
              {
                "dataset": [],
                "domain": "",
                "group_by_email": "",
                "role": "READER",
                "routine": [],
                "special_group": "projectReaders",
                "user_by_email": "",
                "view": []
              },
              {
                "dataset": [],
                "domain": "",
                "group_by_email": "",
                "role": "WRITER",
                "routine": [],
                "special_group": "projectWriters",
                "user_by_email": "",
                "view": []
              }
            ],
            "creation_time": 1676656840137,
            "dataset_id": "SYSTEM1",
            "default_encryption_configuration": [],
            "default_partition_expiration_ms": 0,
            "default_table_expiration_ms": 0,
            "delete_contents_on_destroy": false,
            "description": "",
            "etag": "SBvmZFDg3Wbsqf35dciomA==",
            "friendly_name": "",
            "id": "projects/xxxjpprojectxxx-data-warehouse/datasets/SYSTEM1",
            "labels": {},
            "last_modified_time": 1676656840137,
            "location": "us-east1",
            "max_time_travel_hours": "",
            "project": "xxxjpprojectxxx-data-warehouse",
            "self_link": "https://bigquery.googleapis.com/bigquery/v2/projects/xxxjpprojectxxx-data-warehouse/datasets/SYSTEM1",
            "timeouts": null
          },
          "sensitive_attributes": [],
          "private": "eyJlMmJmYjczMC1lY2FhLTExZTYtOGY4OC0zNDM2M2JjN2M0YzAiOnsiY3JlYXRlIjoxMjAwMDAwMDAwMDAwLCJkZWxldGUiOjEyMDAwMDAwMDAwMDAsInVwZGF0ZSI6MTIwMDAwMDAwMDAwMH19",
          "dependencies": [
            "google_project.data-warehouse",
            "google_project_service.data-warehouse-service"
          ]
        }
      ]
    },
    {
      "mode": "managed",
      "type": "google_bigquery_dataset",
      "name": "dwh-bq-system2",
      "provider": "provider[\"registry.terraform.io/hashicorp/google\"]",
      "instances": [
        {
          "schema_version": 0,
          "attributes": {
            "access": [
              {
                "dataset": [],
                "domain": "",
                "group_by_email": "",
                "role": "OWNER",
                "routine": [],
                "special_group": "",
                "user_by_email": "jpalvimdataeng@gmail.com",
                "view": []
              },
              {
                "dataset": [],
                "domain": "",
                "group_by_email": "",
                "role": "OWNER",
                "routine": [],
                "special_group": "projectOwners",
                "user_by_email": "",
                "view": []
              },
              {
                "dataset": [],
                "domain": "",
                "group_by_email": "",
                "role": "READER",
                "routine": [],
                "special_group": "projectReaders",
                "user_by_email": "",
                "view": []
              },
              {
                "dataset": [],
                "domain": "",
                "group_by_email": "",
                "role": "WRITER",
                "routine": [],
                "special_group": "projectWriters",
                "user_by_email": "",
                "view": []
              }
            ],
            "creation_time": 1676656840018,
            "dataset_id": "SYSTEM2",
            "default_encryption_configuration": [],
            "default_partition_expiration_ms": 0,
            "default_table_expiration_ms": 0,
            "delete_contents_on_destroy": false,
            "description": "",
            "etag": "Bm1/H1w1UKAZZzRpvwj70g==",
            "friendly_name": "",
            "id": "projects/xxxjpprojectxxx-data-warehouse/datasets/SYSTEM2",
            "labels": {},
            "last_modified_time": 1676656840018,
            "location": "us-east1",
            "max_time_travel_hours": "",
            "project": "xxxjpprojectxxx-data-warehouse",
            "self_link": "https://bigquery.googleapis.com/bigquery/v2/projects/xxxjpprojectxxx-data-warehouse/datasets/SYSTEM2",
            "timeouts": null
          },
          "sensitive_attributes": [],
          "private": "eyJlMmJmYjczMC1lY2FhLTExZTYtOGY4OC0zNDM2M2JjN2M0YzAiOnsiY3JlYXRlIjoxMjAwMDAwMDAwMDAwLCJkZWxldGUiOjEyMDAwMDAwMDAwMDAsInVwZGF0ZSI6MTIwMDAwMDAwMDAwMH19",
          "dependencies": [
            "google_project.data-warehouse",
            "google_project_service.data-warehouse-service"
          ]
        }
      ]
    },
    {
      "mode": "managed",
      "type": "google_bigquery_dataset",
      "name": "dwh-bq-system3",
      "provider": "provider[\"registry.terraform.io/hashicorp/google\"]",
      "instances": [
        {
          "schema_version": 0,
          "attributes": {
            "access": [
              {
                "dataset": [],
                "domain": "",
                "group_by_email": "",
                "role": "OWNER",
                "routine": [],
                "special_group": "",
                "user_by_email": "jpalvimdataeng@gmail.com",
                "view": []
              },
              {
                "dataset": [],
                "domain": "",
                "group_by_email": "",
                "role": "OWNER",
                "routine": [],
                "special_group": "projectOwners",
                "user_by_email": "",
                "view": []
              },
              {
                "dataset": [],
                "domain": "",
                "group_by_email": "",
                "role": "READER",
                "routine": [],
                "special_group": "projectReaders",
                "user_by_email": "",
                "view": []
              },
              {
                "dataset": [],
                "domain": "",
                "group_by_email": "",
                "role": "WRITER",
                "routine": [],
                "special_group": "projectWriters",
                "user_by_email": "",
                "view": []
              }
            ],
            "creation_time": 1676656840020,
            "dataset_id": "SYSTEM3",
            "default_encryption_configuration": [],
            "default_partition_expiration_ms": 0,
            "default_table_expiration_ms": 0,
            "delete_contents_on_destroy": false,
            "description": "",
            "etag": "EEOFL9xjxIpn7l7PdVDmUA==",
            "friendly_name": "",
            "id": "projects/xxxjpprojectxxx-data-warehouse/datasets/SYSTEM3",
            "labels": {},
            "last_modified_time": 1676656840020,
            "location": "us-east1",
            "max_time_travel_hours": "",
            "project": "xxxjpprojectxxx-data-warehouse",
            "self_link": "https://bigquery.googleapis.com/bigquery/v2/projects/xxxjpprojectxxx-data-warehouse/datasets/SYSTEM3",
            "timeouts": null
          },
          "sensitive_attributes": [],
          "private": "eyJlMmJmYjczMC1lY2FhLTExZTYtOGY4OC0zNDM2M2JjN2M0YzAiOnsiY3JlYXRlIjoxMjAwMDAwMDAwMDAwLCJkZWxldGUiOjEyMDAwMDAwMDAwMDAsInVwZGF0ZSI6MTIwMDAwMDAwMDAwMH19",
          "dependencies": [
            "google_project.data-warehouse",
            "google_project_service.data-warehouse-service"
          ]
        }
      ]
    },
    {
      "mode": "managed",
      "type": "google_compute_address",
      "name": "orchestration-ip-static",
      "provider": "provider[\"registry.terraform.io/hashicorp/google\"]",
      "instances": [
        {
          "schema_version": 0,
          "attributes": {
            "address": "34.75.145.114",
            "address_type": "EXTERNAL",
            "creation_timestamp": "2023-02-17T10:00:41.774-08:00",
            "description": "",
            "id": "projects/xxxjpprojectxxx-data-lake/regions/us-east1/addresses/xxxjpprojectxxx-external-ip",
            "name": "xxxjpprojectxxx-external-ip",
            "network": "",
            "network_tier": "PREMIUM",
            "prefix_length": 0,
            "project": "xxxjpprojectxxx-data-lake",
            "purpose": "",
            "region": "us-east1",
            "self_link": "https://www.googleapis.com/compute/v1/projects/xxxjpprojectxxx-data-lake/regions/us-east1/addresses/xxxjpprojectxxx-external-ip",
            "subnetwork": "",
            "timeouts": null,
            "users": []
          },
          "sensitive_attributes": [],
          "private": "eyJlMmJmYjczMC1lY2FhLTExZTYtOGY4OC0zNDM2M2JjN2M0YzAiOnsiY3JlYXRlIjoxMjAwMDAwMDAwMDAwLCJkZWxldGUiOjEyMDAwMDAwMDAwMDB9fQ==",
          "dependencies": [
            "google_project.data-lake",
            "google_project_service.data-lake-service"
          ]
        }
      ]
    },
    {
      "mode": "managed",
      "type": "google_compute_network",
      "name": "vpc-network",
      "provider": "provider[\"registry.terraform.io/hashicorp/google\"]",
      "instances": [
        {
          "schema_version": 0,
          "attributes": {
            "auto_create_subnetworks": true,
            "delete_default_routes_on_create": false,
            "description": "",
            "enable_ula_internal_ipv6": false,
            "gateway_ipv4": "",
            "id": "projects/xxxjpprojectxxx-data-lake/global/networks/vpc-network",
            "internal_ipv6_range": "",
            "mtu": 0,
            "name": "vpc-network",
            "project": "xxxjpprojectxxx-data-lake",
            "routing_mode": "REGIONAL",
            "self_link": "https://www.googleapis.com/compute/v1/projects/xxxjpprojectxxx-data-lake/global/networks/vpc-network",
            "timeouts": null
          },
          "sensitive_attributes": [],
          "private": "eyJlMmJmYjczMC1lY2FhLTExZTYtOGY4OC0zNDM2M2JjN2M0YzAiOnsiY3JlYXRlIjoxMjAwMDAwMDAwMDAwLCJkZWxldGUiOjEyMDAwMDAwMDAwMDAsInVwZGF0ZSI6MTIwMDAwMDAwMDAwMH19",
          "dependencies": [
            "google_project.data-lake",
            "google_project_service.data-lake-service"
          ]
        }
      ]
    },
    {
      "mode": "managed",
      "type": "google_project",
      "name": "data-lake",
      "provider": "provider[\"registry.terraform.io/hashicorp/google\"]",
      "instances": [
        {
          "schema_version": 1,
          "attributes": {
            "auto_create_network": true,
            "billing_account": "01E881-3CCB8C-C5A8F7",
            "folder_id": null,
            "id": "projects/xxxjpprojectxxx-data-lake",
            "labels": {},
            "name": "Data Lake",
            "number": "985839929819",
            "org_id": null,
            "project_id": "xxxjpprojectxxx-data-lake",
            "skip_delete": null,
            "timeouts": null
          },
          "sensitive_attributes": [],
          "private": "eyJlMmJmYjczMC1lY2FhLTExZTYtOGY4OC0zNDM2M2JjN2M0YzAiOnsiY3JlYXRlIjo2MDAwMDAwMDAwMDAsImRlbGV0ZSI6NjAwMDAwMDAwMDAwLCJyZWFkIjo2MDAwMDAwMDAwMDAsInVwZGF0ZSI6NjAwMDAwMDAwMDAwfSwic2NoZW1hX3ZlcnNpb24iOiIxIn0="
        }
      ]
    },
    {
      "mode": "managed",
      "type": "google_project",
      "name": "data-marts",
      "provider": "provider[\"registry.terraform.io/hashicorp/google\"]",
      "instances": [
        {
          "schema_version": 1,
          "attributes": {
            "auto_create_network": true,
            "billing_account": "01E881-3CCB8C-C5A8F7",
            "folder_id": null,
            "id": "projects/xxxjpprojectxxx-data-marts",
            "labels": {},
            "name": "Data Marts",
            "number": "410148606505",
            "org_id": null,
            "project_id": "xxxjpprojectxxx-data-marts",
            "skip_delete": null,
            "timeouts": null
          },
          "sensitive_attributes": [],
          "private": "eyJlMmJmYjczMC1lY2FhLTExZTYtOGY4OC0zNDM2M2JjN2M0YzAiOnsiY3JlYXRlIjo2MDAwMDAwMDAwMDAsImRlbGV0ZSI6NjAwMDAwMDAwMDAwLCJyZWFkIjo2MDAwMDAwMDAwMDAsInVwZGF0ZSI6NjAwMDAwMDAwMDAwfSwic2NoZW1hX3ZlcnNpb24iOiIxIn0="
        }
      ]
    },
    {
      "mode": "managed",
      "type": "google_project",
      "name": "data-warehouse",
      "provider": "provider[\"registry.terraform.io/hashicorp/google\"]",
      "instances": [
        {
          "schema_version": 1,
          "attributes": {
            "auto_create_network": true,
            "billing_account": "01E881-3CCB8C-C5A8F7",
            "folder_id": null,
            "id": "projects/xxxjpprojectxxx-data-warehouse",
            "labels": {},
            "name": "Data Warehouse",
            "number": "110054288299",
            "org_id": null,
            "project_id": "xxxjpprojectxxx-data-warehouse",
            "skip_delete": null,
            "timeouts": null
          },
          "sensitive_attributes": [],
          "private": "eyJlMmJmYjczMC1lY2FhLTExZTYtOGY4OC0zNDM2M2JjN2M0YzAiOnsiY3JlYXRlIjo2MDAwMDAwMDAwMDAsImRlbGV0ZSI6NjAwMDAwMDAwMDAwLCJyZWFkIjo2MDAwMDAwMDAwMDAsInVwZGF0ZSI6NjAwMDAwMDAwMDAwfSwic2NoZW1hX3ZlcnNpb24iOiIxIn0="
        }
      ]
    },
    {
      "mode": "managed",
      "type": "google_project_service",
      "name": "data-lake-service",
      "provider": "provider[\"registry.terraform.io/hashicorp/google\"]",
      "instances": [
        {
          "index_key": "bigquery.googleapis.com",
          "schema_version": 0,
          "attributes": {
            "disable_dependent_services": null,
            "disable_on_destroy": false,
            "id": "xxxjpprojectxxx-data-lake/bigquery.googleapis.com",
            "project": "xxxjpprojectxxx-data-lake",
            "service": "bigquery.googleapis.com",
            "timeouts": null
          },
          "sensitive_attributes": [],
          "private": "eyJlMmJmYjczMC1lY2FhLTExZTYtOGY4OC0zNDM2M2JjN2M0YzAiOnsiY3JlYXRlIjoxMjAwMDAwMDAwMDAwLCJkZWxldGUiOjEyMDAwMDAwMDAwMDAsInJlYWQiOjYwMDAwMDAwMDAwMCwidXBkYXRlIjoxMjAwMDAwMDAwMDAwfX0=",
          "dependencies": [
            "google_project.data-lake"
          ]
        },
        {
          "index_key": "compute.googleapis.com",
          "schema_version": 0,
          "attributes": {
            "disable_dependent_services": null,
            "disable_on_destroy": false,
            "id": "xxxjpprojectxxx-data-lake/compute.googleapis.com",
            "project": "xxxjpprojectxxx-data-lake",
            "service": "compute.googleapis.com",
            "timeouts": null
          },
          "sensitive_attributes": [],
          "private": "eyJlMmJmYjczMC1lY2FhLTExZTYtOGY4OC0zNDM2M2JjN2M0YzAiOnsiY3JlYXRlIjoxMjAwMDAwMDAwMDAwLCJkZWxldGUiOjEyMDAwMDAwMDAwMDAsInJlYWQiOjYwMDAwMDAwMDAwMCwidXBkYXRlIjoxMjAwMDAwMDAwMDAwfX0=",
          "dependencies": [
            "google_project.data-lake"
          ]
        }
      ]
    },
    {
      "mode": "managed",
      "type": "google_project_service",
      "name": "data-marts-service",
      "provider": "provider[\"registry.terraform.io/hashicorp/google\"]",
      "instances": [
        {
          "index_key": "bigquery.googleapis.com",
          "schema_version": 0,
          "attributes": {
            "disable_dependent_services": null,
            "disable_on_destroy": false,
            "id": "xxxjpprojectxxx-data-marts/bigquery.googleapis.com",
            "project": "xxxjpprojectxxx-data-marts",
            "service": "bigquery.googleapis.com",
            "timeouts": null
          },
          "sensitive_attributes": [],
          "private": "eyJlMmJmYjczMC1lY2FhLTExZTYtOGY4OC0zNDM2M2JjN2M0YzAiOnsiY3JlYXRlIjoxMjAwMDAwMDAwMDAwLCJkZWxldGUiOjEyMDAwMDAwMDAwMDAsInJlYWQiOjYwMDAwMDAwMDAwMCwidXBkYXRlIjoxMjAwMDAwMDAwMDAwfX0=",
          "dependencies": [
            "google_project.data-marts"
          ]
        }
      ]
    },
    {
      "mode": "managed",
      "type": "google_project_service",
      "name": "data-warehouse-service",
      "provider": "provider[\"registry.terraform.io/hashicorp/google\"]",
      "instances": [
        {
          "index_key": "bigquery.googleapis.com",
          "schema_version": 0,
          "attributes": {
            "disable_dependent_services": null,
            "disable_on_destroy": false,
            "id": "xxxjpprojectxxx-data-warehouse/bigquery.googleapis.com",
            "project": "xxxjpprojectxxx-data-warehouse",
            "service": "bigquery.googleapis.com",
            "timeouts": null
          },
          "sensitive_attributes": [],
          "private": "eyJlMmJmYjczMC1lY2FhLTExZTYtOGY4OC0zNDM2M2JjN2M0YzAiOnsiY3JlYXRlIjoxMjAwMDAwMDAwMDAwLCJkZWxldGUiOjEyMDAwMDAwMDAwMDAsInJlYWQiOjYwMDAwMDAwMDAwMCwidXBkYXRlIjoxMjAwMDAwMDAwMDAwfX0=",
          "dependencies": [
            "google_project.data-warehouse"
          ]
        }
      ]
    },
    {
      "mode": "managed",
      "type": "google_storage_bucket",
      "name": "gcs-data-lake-backup",
      "provider": "provider[\"registry.terraform.io/hashicorp/google\"]",
      "instances": [
        {
          "schema_version": 0,
          "attributes": {
            "autoclass": [],
            "cors": [],
            "custom_placement_config": [],
            "default_event_based_hold": false,
            "encryption": [],
            "force_destroy": true,
            "id": "xxxjpprojectxxx-data-lake-backup",
            "labels": {},
            "lifecycle_rule": [],
            "location": "US-EAST1",
            "logging": [],
            "name": "xxxjpprojectxxx-data-lake-backup",
            "project": "xxxjpprojectxxx-data-lake",
            "public_access_prevention": "inherited",
            "requester_pays": false,
            "retention_policy": [],
            "self_link": "https://www.googleapis.com/storage/v1/b/xxxjpprojectxxx-data-lake-backup",
            "storage_class": "STANDARD",
            "timeouts": null,
            "uniform_bucket_level_access": false,
            "url": "gs://xxxjpprojectxxx-data-lake-backup",
            "versioning": [],
            "website": []
          },
          "sensitive_attributes": [],
          "private": "eyJlMmJmYjczMC1lY2FhLTExZTYtOGY4OC0zNDM2M2JjN2M0YzAiOnsiY3JlYXRlIjoyNDAwMDAwMDAwMDAsInJlYWQiOjI0MDAwMDAwMDAwMCwidXBkYXRlIjoyNDAwMDAwMDAwMDB9fQ==",
          "dependencies": [
            "google_project.data-lake"
          ]
        }
      ]
    },
    {
      "mode": "managed",
      "type": "google_storage_bucket",
      "name": "gcs-data-lake-landing",
      "provider": "provider[\"registry.terraform.io/hashicorp/google\"]",
      "instances": [
        {
          "schema_version": 0,
          "attributes": {
            "autoclass": [],
            "cors": [],
            "custom_placement_config": [],
            "default_event_based_hold": false,
            "encryption": [],
            "force_destroy": true,
            "id": "xxxjpprojectxxx-data-lake-landing",
            "labels": {},
            "lifecycle_rule": [],
            "location": "US-EAST1",
            "logging": [],
            "name": "xxxjpprojectxxx-data-lake-landing",
            "project": "xxxjpprojectxxx-data-lake",
            "public_access_prevention": "inherited",
            "requester_pays": false,
            "retention_policy": [],
            "self_link": "https://www.googleapis.com/storage/v1/b/xxxjpprojectxxx-data-lake-landing",
            "storage_class": "STANDARD",
            "timeouts": null,
            "uniform_bucket_level_access": false,
            "url": "gs://xxxjpprojectxxx-data-lake-landing",
            "versioning": [],
            "website": []
          },
          "sensitive_attributes": [],
          "private": "eyJlMmJmYjczMC1lY2FhLTExZTYtOGY4OC0zNDM2M2JjN2M0YzAiOnsiY3JlYXRlIjoyNDAwMDAwMDAwMDAsInJlYWQiOjI0MDAwMDAwMDAwMCwidXBkYXRlIjoyNDAwMDAwMDAwMDB9fQ==",
          "dependencies": [
            "google_project.data-lake"
          ]
        }
      ]
    },
    {
      "mode": "managed",
      "type": "google_storage_bucket",
      "name": "gcs-data-lake-sensitive",
      "provider": "provider[\"registry.terraform.io/hashicorp/google\"]",
      "instances": [
        {
          "schema_version": 0,
          "attributes": {
            "autoclass": [],
            "cors": [],
            "custom_placement_config": [],
            "default_event_based_hold": false,
            "encryption": [],
            "force_destroy": true,
            "id": "xxxjpprojectxxx-data-lake-sensitive",
            "labels": {},
            "lifecycle_rule": [],
            "location": "US-EAST1",
            "logging": [],
            "name": "xxxjpprojectxxx-data-lake-sensitive",
            "project": "xxxjpprojectxxx-data-lake",
            "public_access_prevention": "inherited",
            "requester_pays": false,
            "retention_policy": [],
            "self_link": "https://www.googleapis.com/storage/v1/b/xxxjpprojectxxx-data-lake-sensitive",
            "storage_class": "STANDARD",
            "timeouts": null,
            "uniform_bucket_level_access": false,
            "url": "gs://xxxjpprojectxxx-data-lake-sensitive",
            "versioning": [],
            "website": []
          },
          "sensitive_attributes": [],
          "private": "eyJlMmJmYjczMC1lY2FhLTExZTYtOGY4OC0zNDM2M2JjN2M0YzAiOnsiY3JlYXRlIjoyNDAwMDAwMDAwMDAsInJlYWQiOjI0MDAwMDAwMDAwMCwidXBkYXRlIjoyNDAwMDAwMDAwMDB9fQ==",
          "dependencies": [
            "google_project.data-lake"
          ]
        }
      ]
    },
    {
      "mode": "managed",
      "type": "google_storage_bucket",
      "name": "gcs-data-lake-work",
      "provider": "provider[\"registry.terraform.io/hashicorp/google\"]",
      "instances": [
        {
          "schema_version": 0,
          "attributes": {
            "autoclass": [],
            "cors": [],
            "custom_placement_config": [],
            "default_event_based_hold": false,
            "encryption": [],
            "force_destroy": true,
            "id": "xxxjpprojectxxx-data-lake-work",
            "labels": {},
            "lifecycle_rule": [],
            "location": "US-EAST1",
            "logging": [],
            "name": "xxxjpprojectxxx-data-lake-work",
            "project": "xxxjpprojectxxx-data-lake",
            "public_access_prevention": "inherited",
            "requester_pays": false,
            "retention_policy": [],
            "self_link": "https://www.googleapis.com/storage/v1/b/xxxjpprojectxxx-data-lake-work",
            "storage_class": "STANDARD",
            "timeouts": null,
            "uniform_bucket_level_access": false,
            "url": "gs://xxxjpprojectxxx-data-lake-work",
            "versioning": [],
            "website": []
          },
          "sensitive_attributes": [],
          "private": "eyJlMmJmYjczMC1lY2FhLTExZTYtOGY4OC0zNDM2M2JjN2M0YzAiOnsiY3JlYXRlIjoyNDAwMDAwMDAwMDAsInJlYWQiOjI0MDAwMDAwMDAwMCwidXBkYXRlIjoyNDAwMDAwMDAwMDB9fQ==",
          "dependencies": [
            "google_project.data-lake"
          ]
        }
      ]
    }
  ],
  "check_results": null
}
